{
  "sha": "f84bc92d372eb300f91232b0bffe25e87938fe1c",
  "sources": {
    "apt": {
      "locked_version": "1.9.2"
    },
    "set_locale": {
      "path": "./deploy/cookbooks/set_locale"
    },
    "postgresql_server_utf8": {
      "path": "./deploy/cookbooks/postgresql_server_utf8"
    },
    "database": {
      "locked_version": "1.3.12"
    },
    "rbenv": {
      "locked_version": "1.4.1"
    },
    "mongodb": {
      "locked_version": "0.11.0"
    },
    "application": {
      "path": "./deploy/cookbooks/application"
    },
    "postgresql": {
      "locked_version": "3.0.2"
    },
    "build-essential": {
      "locked_version": "1.4.0"
    },
    "openssl": {
      "locked_version": "1.0.2"
    },
    "mysql": {
      "locked_version": "3.0.2"
    },
    "aws": {
      "locked_version": "0.101.2"
    },
    "xfs": {
      "locked_version": "1.1.0"
    },
    "git": {
      "locked_version": "2.5.2"
    },
    "dmg": {
      "locked_version": "1.1.0"
    },
    "yum": {
      "locked_version": "2.3.0"
    },
    "windows": {
      "locked_version": "1.10.0"
    },
    "chef_handler": {
      "locked_version": "1.1.4"
    },
    "runit": {
      "locked_version": "1.1.6"
    },
    "ohai": {
      "locked_version": "1.1.10"
    }
  }
}
